PODS:
  - Flutter (1.0.0)
  - native_opencv (4.5.5):
    - Flutter
  - path_provider_foundation (0.0.1):
    - Flutter
    - FlutterMacOS

DEPENDENCIES:
  - Flutter (from `Flutter`)
  - native_opencv (from `.symlinks/plugins/native_opencv/ios`)
  - path_provider_foundation (from `.symlinks/plugins/path_provider_foundation/darwin`)

EXTERNAL SOURCES:
  Flutter:
    :path: Flutter
  native_opencv:
    :path: ".symlinks/plugins/native_opencv/ios"
  path_provider_foundation:
    :path: ".symlinks/plugins/path_provider_foundation/darwin"

SPEC CHECKSUMS:
  Flutter: e0871f40cf51350855a761d2e70bf5af5b9b5de7
  native_opencv: 8758a2f62d003236c2ee656c2be269e4482d1ce0
  path_provider_foundation: 080d55be775b7414fd5a5ef3ac137b97b097e564

PODFILE CHECKSUM: 22cbe5e1ec1cce6dd8d87795b4bda348761bd052

COCOAPODS: 1.16.2
